
Microsoft Visual Studio Solution File, Format Version 12.00
# Visual Studio Version 16
VisualStudioVersion = 16.0.32106.194
MinimumVisualStudioVersion = 10.0.40219.1
Project("{FAE04EC0-301F-11D3-BF4B-00C04F79EFBC}") = "Register", "Register\Register.csproj", "{450FE6E9-30A0-43C8-B2E8-CE695D3DA82B}"
EndProject
Global
	GlobalSection(SolutionConfigurationPlatforms) = preSolution
		Debug|Any CPU = Debug|Any CPU
		Release|Any CPU = Release|Any CPU
	EndGlobalSection
	GlobalSection(ProjectConfigurationPlatforms) = postSolution
		{450FE6E9-30A0-43C8-B2E8-CE695D3DA82B}.Debug|Any CPU.ActiveCfg = Debug|Any CPU
		{450FE6E9-30A0-43C8-B2E8-CE695D3DA82B}.Debug|Any CPU.Build.0 = Debug|Any CPU
		{450FE6E9-30A0-43C8-B2E8-CE695D3DA82B}.Release|Any CPU.ActiveCfg = Release|Any CPU
		{450FE6E9-30A0-43C8-B2E8-CE695D3DA82B}.Release|Any CPU.Build.0 = Release|Any CPU
	EndGlobalSection
	GlobalSection(SolutionProperties) = preSolution
		HideSolutionNode = FALSE
	EndGlobalSection
	GlobalSection(ExtensibilityGlobals) = postSolution
		SolutionGuid = {9C3B7A3F-DFF6-4A09-B816-B91977793C9F}
	EndGlobalSection
EndGlobal
